
Microsoft Visual Studio Solution File, Format Version 12.00
# Visual Studio Version 17
VisualStudioVersion = 17.14.36623.8 d17.14
MinimumVisualStudioVersion = 10.0.40219.1
Project("{FAE04EC0-301F-11D3-BF4B-00C04F79EFBC}") = "Flygans-Backend", "Flygans-Backend\Flygans-Backend.csproj", "{18CAA5F1-AD68-4644-A00C-B6FD2D37E2B2}"
EndProject
Global
	GlobalSection(SolutionConfigurationPlatforms) = preSolution
		Debug|Any CPU = Debug|Any CPU
		Release|Any CPU = Release|Any CPU
	EndGlobalSection
	GlobalSection(ProjectConfigurationPlatforms) = postSolution
		{18CAA5F1-AD68-4644-A00C-B6FD2D37E2B2}.Debug|Any CPU.ActiveCfg = Debug|Any CPU
		{18CAA5F1-AD68-4644-A00C-B6FD2D37E2B2}.Debug|Any CPU.Build.0 = Debug|Any CPU
		{18CAA5F1-AD68-4644-A00C-B6FD2D37E2B2}.Release|Any CPU.ActiveCfg = Release|Any CPU
		{18CAA5F1-AD68-4644-A00C-B6FD2D37E2B2}.Release|Any CPU.Build.0 = Release|Any CPU
	EndGlobalSection
	GlobalSection(SolutionProperties) = preSolution
		HideSolutionNode = FALSE
	EndGlobalSection
	GlobalSection(ExtensibilityGlobals) = postSolution
		SolutionGuid = {A0EF648A-1CF3-425E-8FC3-0E71026B3DFC}
	EndGlobalSection
EndGlobal
